
Microsoft Visual Studio Solution File, Format Version 12.00
# Visual Studio Version 17
VisualStudioVersion = 17.7.34009.444
MinimumVisualStudioVersion = 10.0.40219.1
Project("{FAE04EC0-301F-11D3-BF4B-00C04F79EFBC}") = "BinarySearch", "BinarySearch.csproj", "{6B6D1C0F-A458-43CB-A9DE-BDB107CE96ED}"
EndProject
Global
	GlobalSection(SolutionConfigurationPlatforms) = preSolution
		Debug|Any CPU = Debug|Any CPU
		Release|Any CPU = Release|Any CPU
	EndGlobalSection
	GlobalSection(ProjectConfigurationPlatforms) = postSolution
		{6B6D1C0F-A458-43CB-A9DE-BDB107CE96ED}.Debug|Any CPU.ActiveCfg = Debug|Any CPU
		{6B6D1C0F-A458-43CB-A9DE-BDB107CE96ED}.Debug|Any CPU.Build.0 = Debug|Any CPU
		{6B6D1C0F-A458-43CB-A9DE-BDB107CE96ED}.Release|Any CPU.ActiveCfg = Release|Any CPU
		{6B6D1C0F-A458-43CB-A9DE-BDB107CE96ED}.Release|Any CPU.Build.0 = Release|Any CPU
	EndGlobalSection
	GlobalSection(SolutionProperties) = preSolution
		HideSolutionNode = FALSE
	EndGlobalSection
	GlobalSection(ExtensibilityGlobals) = postSolution
		SolutionGuid = {C97F2300-B516-4616-94D5-24E78B540FAC}
	EndGlobalSection
EndGlobal
